
Microsoft Visual Studio Solution File, Format Version 12.00
# Visual Studio Version 17
VisualStudioVersion = 17.1.32319.34
MinimumVisualStudioVersion = 10.0.40219.1
Project("{9A19103F-16F7-4668-BE54-9A1E7A4F7556}") = "Datio.GenerowanieProtokolow", "Datio.GenerowanieProtokolow.csproj", "{C78B928A-7F27-4954-89A1-B3BDC1156AC7}"
EndProject
Project("{2150E333-8FDC-42A3-9474-1A3956D46DE8}") = "Solution Items", "Solution Items", "{FDCCFBA5-10D8-4C2A-AF47-72D0021DE0C2}"
	ProjectSection(SolutionItems) = preProject
		Directory.Build.props = Directory.Build.props
		global.json = global.json
	EndProjectSection
EndProject
Global
	GlobalSection(SolutionConfigurationPlatforms) = preSolution
		Debug|Any CPU = Debug|Any CPU
		Release|Any CPU = Release|Any CPU
	EndGlobalSection
	GlobalSection(ProjectConfigurationPlatforms) = postSolution
		{C78B928A-7F27-4954-89A1-B3BDC1156AC7}.Debug|Any CPU.ActiveCfg = Debug|Any CPU
		{C78B928A-7F27-4954-89A1-B3BDC1156AC7}.Debug|Any CPU.Build.0 = Debug|Any CPU
		{C78B928A-7F27-4954-89A1-B3BDC1156AC7}.Release|Any CPU.ActiveCfg = Release|Any CPU
		{C78B928A-7F27-4954-89A1-B3BDC1156AC7}.Release|Any CPU.Build.0 = Release|Any CPU
	EndGlobalSection
	GlobalSection(SolutionProperties) = preSolution
		HideSolutionNode = FALSE
	EndGlobalSection
	GlobalSection(ExtensibilityGlobals) = postSolution
		SolutionGuid = {039C9AEA-BD9C-48FB-A02F-D093C612446A}
	EndGlobalSection
EndGlobal
